
Microsoft Visual Studio Solution File, Format Version 12.00
# Visual Studio Version 17
VisualStudioVersion = 17.7.34031.279
MinimumVisualStudioVersion = 10.0.40219.1
Project("{FAE04EC0-301F-11D3-BF4B-00C04F79EFBC}") = "ProductoApp", "ProductoApp.csproj", "{292EEB91-B331-42CD-A6FF-6FDAEA3E0991}"
EndProject
Global
	GlobalSection(SolutionConfigurationPlatforms) = preSolution
		Debug|Any CPU = Debug|Any CPU
		Release|Any CPU = Release|Any CPU
	EndGlobalSection
	GlobalSection(ProjectConfigurationPlatforms) = postSolution
		{292EEB91-B331-42CD-A6FF-6FDAEA3E0991}.Debug|Any CPU.ActiveCfg = Debug|Any CPU
		{292EEB91-B331-42CD-A6FF-6FDAEA3E0991}.Debug|Any CPU.Build.0 = Debug|Any CPU
		{292EEB91-B331-42CD-A6FF-6FDAEA3E0991}.Debug|Any CPU.Deploy.0 = Debug|Any CPU
		{292EEB91-B331-42CD-A6FF-6FDAEA3E0991}.Release|Any CPU.ActiveCfg = Release|Any CPU
		{292EEB91-B331-42CD-A6FF-6FDAEA3E0991}.Release|Any CPU.Build.0 = Release|Any CPU
		{292EEB91-B331-42CD-A6FF-6FDAEA3E0991}.Release|Any CPU.Deploy.0 = Release|Any CPU
	EndGlobalSection
	GlobalSection(SolutionProperties) = preSolution
		HideSolutionNode = FALSE
	EndGlobalSection
	GlobalSection(ExtensibilityGlobals) = postSolution
		SolutionGuid = {9865099C-5BB6-403D-9948-A8EB83ABC84C}
	EndGlobalSection
EndGlobal
